
Microsoft Visual Studio Solution File, Format Version 12.00
# Visual Studio Version 17
VisualStudioVersion = 17.0.32112.339
MinimumVisualStudioVersion = 10.0.40219.1
Project("{FAE04EC0-301F-11D3-BF4B-00C04F79EFBC}") = "CalculateAreaAndPerimeter", "Abstract_InterfaceWithWinForm\CalculateAreaAndPerimeter.csproj", "{FED3EF70-EBAE-4331-BFDF-74E2573EE0C7}"
EndProject
Global
	GlobalSection(SolutionConfigurationPlatforms) = preSolution
		Debug|Any CPU = Debug|Any CPU
		Release|Any CPU = Release|Any CPU
	EndGlobalSection
	GlobalSection(ProjectConfigurationPlatforms) = postSolution
		{FED3EF70-EBAE-4331-BFDF-74E2573EE0C7}.Debug|Any CPU.ActiveCfg = Debug|Any CPU
		{FED3EF70-EBAE-4331-BFDF-74E2573EE0C7}.Debug|Any CPU.Build.0 = Debug|Any CPU
		{FED3EF70-EBAE-4331-BFDF-74E2573EE0C7}.Release|Any CPU.ActiveCfg = Release|Any CPU
		{FED3EF70-EBAE-4331-BFDF-74E2573EE0C7}.Release|Any CPU.Build.0 = Release|Any CPU
	EndGlobalSection
	GlobalSection(SolutionProperties) = preSolution
		HideSolutionNode = FALSE
	EndGlobalSection
	GlobalSection(ExtensibilityGlobals) = postSolution
		SolutionGuid = {92E5CA8B-0346-433B-B3EA-B176C615AB72}
	EndGlobalSection
EndGlobal
